
Microsoft Visual Studio Solution File, Format Version 12.00
# Visual Studio 15
VisualStudioVersion = 15.0.28307.271
MinimumVisualStudioVersion = 10.0.40219.1
Project("{8BC9CEB8-8B4A-11D0-8D11-00A0C91BC942}") = "ASProjectOne", "ASProjectOne\ASProjectOne.vcxproj", "{0183389D-3998-445E-BB2D-7ACE7EBB0F2C}"
EndProject
Global
	GlobalSection(SolutionConfigurationPlatforms) = preSolution
		Debug|x64 = Debug|x64
		Debug|x86 = Debug|x86
		Release|x64 = Release|x64
		Release|x86 = Release|x86
	EndGlobalSection
	GlobalSection(ProjectConfigurationPlatforms) = postSolution
		{0183389D-3998-445E-BB2D-7ACE7EBB0F2C}.Debug|x64.ActiveCfg = Debug|x64
		{0183389D-3998-445E-BB2D-7ACE7EBB0F2C}.Debug|x64.Build.0 = Debug|x64
		{0183389D-3998-445E-BB2D-7ACE7EBB0F2C}.Debug|x86.ActiveCfg = Debug|Win32
		{0183389D-3998-445E-BB2D-7ACE7EBB0F2C}.Debug|x86.Build.0 = Debug|Win32
		{0183389D-3998-445E-BB2D-7ACE7EBB0F2C}.Release|x64.ActiveCfg = Release|x64
		{0183389D-3998-445E-BB2D-7ACE7EBB0F2C}.Release|x64.Build.0 = Release|x64
		{0183389D-3998-445E-BB2D-7ACE7EBB0F2C}.Release|x86.ActiveCfg = Release|Win32
		{0183389D-3998-445E-BB2D-7ACE7EBB0F2C}.Release|x86.Build.0 = Release|Win32
	EndGlobalSection
	GlobalSection(SolutionProperties) = preSolution
		HideSolutionNode = FALSE
	EndGlobalSection
	GlobalSection(ExtensibilityGlobals) = postSolution
		SolutionGuid = {A245DDD6-1923-4101-AF22-F23041D0D777}
	EndGlobalSection
EndGlobal
